
Microsoft Visual Studio Solution File, Format Version 12.00
# Visual Studio 2012
Project("{FAE04EC0-301F-11D3-BF4B-00C04F79EFBC}") = "Prototype1_1", "Protoype_1_1\Prototype1_1.csproj", "{197496F2-0C05-4693-B4A4-91C9593B11DF}"
EndProject
Project("{FAE04EC0-301F-11D3-BF4B-00C04F79EFBC}") = "UnitTest_Prototype_1_1", "UnitTest_Prototype_1_1\UnitTest_Prototype_1_1.csproj", "{0B6DF165-025F-4973-A531-52C644CBC58C}"
EndProject
Project("{FAE04EC0-301F-11D3-BF4B-00C04F79EFBC}") = "UnitTestsEvent_Prototype_1_1", "UnitTestsEvent_Prototype_1_1\UnitTestsEvent_Prototype_1_1.csproj", "{C4CBC408-FA8A-4DA7-8442-62BDE784F62D}"
EndProject
Global
	GlobalSection(SolutionConfigurationPlatforms) = preSolution
		Debug|Any CPU = Debug|Any CPU
		Release|Any CPU = Release|Any CPU
	EndGlobalSection
	GlobalSection(ProjectConfigurationPlatforms) = postSolution
		{197496F2-0C05-4693-B4A4-91C9593B11DF}.Debug|Any CPU.ActiveCfg = Debug|Any CPU
		{197496F2-0C05-4693-B4A4-91C9593B11DF}.Debug|Any CPU.Build.0 = Debug|Any CPU
		{197496F2-0C05-4693-B4A4-91C9593B11DF}.Release|Any CPU.ActiveCfg = Release|Any CPU
		{197496F2-0C05-4693-B4A4-91C9593B11DF}.Release|Any CPU.Build.0 = Release|Any CPU
		{0B6DF165-025F-4973-A531-52C644CBC58C}.Debug|Any CPU.ActiveCfg = Debug|Any CPU
		{0B6DF165-025F-4973-A531-52C644CBC58C}.Debug|Any CPU.Build.0 = Debug|Any CPU
		{0B6DF165-025F-4973-A531-52C644CBC58C}.Release|Any CPU.ActiveCfg = Release|Any CPU
		{0B6DF165-025F-4973-A531-52C644CBC58C}.Release|Any CPU.Build.0 = Release|Any CPU
		{C4CBC408-FA8A-4DA7-8442-62BDE784F62D}.Debug|Any CPU.ActiveCfg = Debug|Any CPU
		{C4CBC408-FA8A-4DA7-8442-62BDE784F62D}.Debug|Any CPU.Build.0 = Debug|Any CPU
		{C4CBC408-FA8A-4DA7-8442-62BDE784F62D}.Release|Any CPU.ActiveCfg = Release|Any CPU
		{C4CBC408-FA8A-4DA7-8442-62BDE784F62D}.Release|Any CPU.Build.0 = Release|Any CPU
	EndGlobalSection
	GlobalSection(SolutionProperties) = preSolution
		HideSolutionNode = FALSE
	EndGlobalSection
EndGlobal
